
Microsoft Visual Studio Solution File, Format Version 12.00
# Visual Studio Version 17
VisualStudioVersion = 17.11.35303.130
MinimumVisualStudioVersion = 10.0.40219.1
Project("{FAE04EC0-301F-11D3-BF4B-00C04F79EFBC}") = "homework_writer", "homework_writer.csproj", "{AEA5700B-1A84-45E3-B7EE-219953000D0B}"
EndProject
Global
	GlobalSection(SolutionConfigurationPlatforms) = preSolution
		Debug|Any CPU = Debug|Any CPU
		Release|Any CPU = Release|Any CPU
	EndGlobalSection
	GlobalSection(ProjectConfigurationPlatforms) = postSolution
		{AEA5700B-1A84-45E3-B7EE-219953000D0B}.Debug|Any CPU.ActiveCfg = Debug|Any CPU
		{AEA5700B-1A84-45E3-B7EE-219953000D0B}.Debug|Any CPU.Build.0 = Debug|Any CPU
		{AEA5700B-1A84-45E3-B7EE-219953000D0B}.Release|Any CPU.ActiveCfg = Release|Any CPU
		{AEA5700B-1A84-45E3-B7EE-219953000D0B}.Release|Any CPU.Build.0 = Release|Any CPU
	EndGlobalSection
	GlobalSection(SolutionProperties) = preSolution
		HideSolutionNode = FALSE
	EndGlobalSection
	GlobalSection(ExtensibilityGlobals) = postSolution
		SolutionGuid = {902978C2-D8C7-4468-B99F-32A1013DEF5C}
	EndGlobalSection
EndGlobal
